
Microsoft Visual Studio Solution File, Format Version 12.00
# Visual Studio 15
VisualStudioVersion = 15.0.28307.168
MinimumVisualStudioVersion = 10.0.40219.1
Project("{FAE04EC0-301F-11D3-BF4B-00C04F79EFBC}") = "NewHouse", "NewHouse\NewHouse.csproj", "{DC5DE841-E1FA-462A-95FA-D84EC331224B}"
EndProject
Global
	GlobalSection(SolutionConfigurationPlatforms) = preSolution
		Debug|Any CPU = Debug|Any CPU
		Release|Any CPU = Release|Any CPU
	EndGlobalSection
	GlobalSection(ProjectConfigurationPlatforms) = postSolution
		{DC5DE841-E1FA-462A-95FA-D84EC331224B}.Debug|Any CPU.ActiveCfg = Debug|Any CPU
		{DC5DE841-E1FA-462A-95FA-D84EC331224B}.Debug|Any CPU.Build.0 = Debug|Any CPU
		{DC5DE841-E1FA-462A-95FA-D84EC331224B}.Release|Any CPU.ActiveCfg = Release|Any CPU
		{DC5DE841-E1FA-462A-95FA-D84EC331224B}.Release|Any CPU.Build.0 = Release|Any CPU
	EndGlobalSection
	GlobalSection(SolutionProperties) = preSolution
		HideSolutionNode = FALSE
	EndGlobalSection
	GlobalSection(ExtensibilityGlobals) = postSolution
		SolutionGuid = {D12730A6-1BBA-4234-8411-A73B7549B88F}
	EndGlobalSection
EndGlobal
