
Microsoft Visual Studio Solution File, Format Version 12.00
# Visual Studio 15
VisualStudioVersion = 15.0.28307.168
MinimumVisualStudioVersion = 10.0.40219.1
Project("{FAE04EC0-301F-11D3-BF4B-00C04F79EFBC}") = "NameWars", "NameWars\NameWars.csproj", "{3F29090D-4314-4BE3-AE3C-68B91B358780}"
EndProject
Global
	GlobalSection(SolutionConfigurationPlatforms) = preSolution
		Debug|Any CPU = Debug|Any CPU
		Release|Any CPU = Release|Any CPU
	EndGlobalSection
	GlobalSection(ProjectConfigurationPlatforms) = postSolution
		{3F29090D-4314-4BE3-AE3C-68B91B358780}.Debug|Any CPU.ActiveCfg = Debug|Any CPU
		{3F29090D-4314-4BE3-AE3C-68B91B358780}.Debug|Any CPU.Build.0 = Debug|Any CPU
		{3F29090D-4314-4BE3-AE3C-68B91B358780}.Release|Any CPU.ActiveCfg = Release|Any CPU
		{3F29090D-4314-4BE3-AE3C-68B91B358780}.Release|Any CPU.Build.0 = Release|Any CPU
	EndGlobalSection
	GlobalSection(SolutionProperties) = preSolution
		HideSolutionNode = FALSE
	EndGlobalSection
	GlobalSection(ExtensibilityGlobals) = postSolution
		SolutionGuid = {3176ABD9-1DDB-4D86-AE32-1AFE86BC1A99}
	EndGlobalSection
EndGlobal
