
Microsoft Visual Studio Solution File, Format Version 12.00
# Visual Studio 15
VisualStudioVersion = 15.0.28307.168
MinimumVisualStudioVersion = 10.0.40219.1
Project("{FAE04EC0-301F-11D3-BF4B-00C04F79EFBC}") = "BestPlayer", "BestPlayer\BestPlayer.csproj", "{040C5EF2-D425-48DF-BA40-FE1431540507}"
EndProject
Global
	GlobalSection(SolutionConfigurationPlatforms) = preSolution
		Debug|Any CPU = Debug|Any CPU
		Release|Any CPU = Release|Any CPU
	EndGlobalSection
	GlobalSection(ProjectConfigurationPlatforms) = postSolution
		{040C5EF2-D425-48DF-BA40-FE1431540507}.Debug|Any CPU.ActiveCfg = Debug|Any CPU
		{040C5EF2-D425-48DF-BA40-FE1431540507}.Debug|Any CPU.Build.0 = Debug|Any CPU
		{040C5EF2-D425-48DF-BA40-FE1431540507}.Release|Any CPU.ActiveCfg = Release|Any CPU
		{040C5EF2-D425-48DF-BA40-FE1431540507}.Release|Any CPU.Build.0 = Release|Any CPU
	EndGlobalSection
	GlobalSection(SolutionProperties) = preSolution
		HideSolutionNode = FALSE
	EndGlobalSection
	GlobalSection(ExtensibilityGlobals) = postSolution
		SolutionGuid = {136F4842-F465-4E0C-AB09-6396E682A78B}
	EndGlobalSection
EndGlobal
