
Microsoft Visual Studio Solution File, Format Version 12.00
# Visual Studio 15
VisualStudioVersion = 15.0.28307.168
MinimumVisualStudioVersion = 10.0.40219.1
Project("{FAE04EC0-301F-11D3-BF4B-00C04F79EFBC}") = "Histogram", "Histogram\Histogram.csproj", "{DC9DB74C-D0ED-4056-A03F-2F323D4F68AD}"
EndProject
Global
	GlobalSection(SolutionConfigurationPlatforms) = preSolution
		Debug|Any CPU = Debug|Any CPU
		Release|Any CPU = Release|Any CPU
	EndGlobalSection
	GlobalSection(ProjectConfigurationPlatforms) = postSolution
		{DC9DB74C-D0ED-4056-A03F-2F323D4F68AD}.Debug|Any CPU.ActiveCfg = Debug|Any CPU
		{DC9DB74C-D0ED-4056-A03F-2F323D4F68AD}.Debug|Any CPU.Build.0 = Debug|Any CPU
		{DC9DB74C-D0ED-4056-A03F-2F323D4F68AD}.Release|Any CPU.ActiveCfg = Release|Any CPU
		{DC9DB74C-D0ED-4056-A03F-2F323D4F68AD}.Release|Any CPU.Build.0 = Release|Any CPU
	EndGlobalSection
	GlobalSection(SolutionProperties) = preSolution
		HideSolutionNode = FALSE
	EndGlobalSection
	GlobalSection(ExtensibilityGlobals) = postSolution
		SolutionGuid = {2CCE63E5-5CD9-4797-B726-66A3C71BF30B}
	EndGlobalSection
EndGlobal
