
Microsoft Visual Studio Solution File, Format Version 12.00
# Visual Studio 15
VisualStudioVersion = 15.0.28307.168
MinimumVisualStudioVersion = 10.0.40219.1
Project("{FAE04EC0-301F-11D3-BF4B-00C04F79EFBC}") = "WorldSwimmingRecord", "WorldSwimmingRecord\WorldSwimmingRecord.csproj", "{9F3DE215-C64A-4291-BCD4-EEB386F7F8FF}"
EndProject
Global
	GlobalSection(SolutionConfigurationPlatforms) = preSolution
		Debug|Any CPU = Debug|Any CPU
		Release|Any CPU = Release|Any CPU
	EndGlobalSection
	GlobalSection(ProjectConfigurationPlatforms) = postSolution
		{9F3DE215-C64A-4291-BCD4-EEB386F7F8FF}.Debug|Any CPU.ActiveCfg = Debug|Any CPU
		{9F3DE215-C64A-4291-BCD4-EEB386F7F8FF}.Debug|Any CPU.Build.0 = Debug|Any CPU
		{9F3DE215-C64A-4291-BCD4-EEB386F7F8FF}.Release|Any CPU.ActiveCfg = Release|Any CPU
		{9F3DE215-C64A-4291-BCD4-EEB386F7F8FF}.Release|Any CPU.Build.0 = Release|Any CPU
	EndGlobalSection
	GlobalSection(SolutionProperties) = preSolution
		HideSolutionNode = FALSE
	EndGlobalSection
	GlobalSection(ExtensibilityGlobals) = postSolution
		SolutionGuid = {8C9CBEC6-5180-48D9-8280-069B26625091}
	EndGlobalSection
EndGlobal
