
Microsoft Visual Studio Solution File, Format Version 12.00
# Visual Studio 15
VisualStudioVersion = 15.0.28307.168
MinimumVisualStudioVersion = 10.0.40219.1
Project("{FAE04EC0-301F-11D3-BF4B-00C04F79EFBC}") = "ConvertInchesToCentimeters", "ConvertInchesToCentimeters\ConvertInchesToCentimeters.csproj", "{285ED58F-8EB0-4427-BB70-91B0B436F550}"
EndProject
Global
	GlobalSection(SolutionConfigurationPlatforms) = preSolution
		Debug|Any CPU = Debug|Any CPU
		Release|Any CPU = Release|Any CPU
	EndGlobalSection
	GlobalSection(ProjectConfigurationPlatforms) = postSolution
		{285ED58F-8EB0-4427-BB70-91B0B436F550}.Debug|Any CPU.ActiveCfg = Debug|Any CPU
		{285ED58F-8EB0-4427-BB70-91B0B436F550}.Debug|Any CPU.Build.0 = Debug|Any CPU
		{285ED58F-8EB0-4427-BB70-91B0B436F550}.Release|Any CPU.ActiveCfg = Release|Any CPU
		{285ED58F-8EB0-4427-BB70-91B0B436F550}.Release|Any CPU.Build.0 = Release|Any CPU
	EndGlobalSection
	GlobalSection(SolutionProperties) = preSolution
		HideSolutionNode = FALSE
	EndGlobalSection
	GlobalSection(ExtensibilityGlobals) = postSolution
		SolutionGuid = {3E95EC65-1139-44F2-AFB0-2ACC835388DD}
	EndGlobalSection
EndGlobal
