
Microsoft Visual Studio Solution File, Format Version 12.00
# Visual Studio 15
VisualStudioVersion = 15.0.28307.168
MinimumVisualStudioVersion = 10.0.40219.1
Project("{FAE04EC0-301F-11D3-BF4B-00C04F79EFBC}") = "ThreeBrothers", "ThreeBrothers\ThreeBrothers.csproj", "{36474A7B-5DAC-4FB3-AEB6-CD26FBFB7577}"
EndProject
Global
	GlobalSection(SolutionConfigurationPlatforms) = preSolution
		Debug|Any CPU = Debug|Any CPU
		Release|Any CPU = Release|Any CPU
	EndGlobalSection
	GlobalSection(ProjectConfigurationPlatforms) = postSolution
		{36474A7B-5DAC-4FB3-AEB6-CD26FBFB7577}.Debug|Any CPU.ActiveCfg = Debug|Any CPU
		{36474A7B-5DAC-4FB3-AEB6-CD26FBFB7577}.Debug|Any CPU.Build.0 = Debug|Any CPU
		{36474A7B-5DAC-4FB3-AEB6-CD26FBFB7577}.Release|Any CPU.ActiveCfg = Release|Any CPU
		{36474A7B-5DAC-4FB3-AEB6-CD26FBFB7577}.Release|Any CPU.Build.0 = Release|Any CPU
	EndGlobalSection
	GlobalSection(SolutionProperties) = preSolution
		HideSolutionNode = FALSE
	EndGlobalSection
	GlobalSection(ExtensibilityGlobals) = postSolution
		SolutionGuid = {AEC4F1D9-101E-4059-9168-4315922CD894}
	EndGlobalSection
EndGlobal
