
Microsoft Visual Studio Solution File, Format Version 12.00
# Visual Studio 15
VisualStudioVersion = 15.0.28307.168
MinimumVisualStudioVersion = 10.0.40219.1
Project("{FAE04EC0-301F-11D3-BF4B-00C04F79EFBC}") = "OddEvenPosition", "OddEvenPosition\OddEvenPosition.csproj", "{24C1382F-13A8-4108-B596-F91B9F274A93}"
EndProject
Global
	GlobalSection(SolutionConfigurationPlatforms) = preSolution
		Debug|Any CPU = Debug|Any CPU
		Release|Any CPU = Release|Any CPU
	EndGlobalSection
	GlobalSection(ProjectConfigurationPlatforms) = postSolution
		{24C1382F-13A8-4108-B596-F91B9F274A93}.Debug|Any CPU.ActiveCfg = Debug|Any CPU
		{24C1382F-13A8-4108-B596-F91B9F274A93}.Debug|Any CPU.Build.0 = Debug|Any CPU
		{24C1382F-13A8-4108-B596-F91B9F274A93}.Release|Any CPU.ActiveCfg = Release|Any CPU
		{24C1382F-13A8-4108-B596-F91B9F274A93}.Release|Any CPU.Build.0 = Release|Any CPU
	EndGlobalSection
	GlobalSection(SolutionProperties) = preSolution
		HideSolutionNode = FALSE
	EndGlobalSection
	GlobalSection(ExtensibilityGlobals) = postSolution
		SolutionGuid = {0C116F61-C959-4A41-AD86-A8B34F878872}
	EndGlobalSection
EndGlobal
