
Microsoft Visual Studio Solution File, Format Version 12.00
# Visual Studio 15
VisualStudioVersion = 15.0.28307.168
MinimumVisualStudioVersion = 10.0.40219.1
Project("{FAE04EC0-301F-11D3-BF4B-00C04F79EFBC}") = "SpecialNumbers", "SpecialNumbers\SpecialNumbers.csproj", "{2AC27938-FCE0-4EEA-8F1E-DC9000C16D90}"
EndProject
Global
	GlobalSection(SolutionConfigurationPlatforms) = preSolution
		Debug|Any CPU = Debug|Any CPU
		Release|Any CPU = Release|Any CPU
	EndGlobalSection
	GlobalSection(ProjectConfigurationPlatforms) = postSolution
		{2AC27938-FCE0-4EEA-8F1E-DC9000C16D90}.Debug|Any CPU.ActiveCfg = Debug|Any CPU
		{2AC27938-FCE0-4EEA-8F1E-DC9000C16D90}.Debug|Any CPU.Build.0 = Debug|Any CPU
		{2AC27938-FCE0-4EEA-8F1E-DC9000C16D90}.Release|Any CPU.ActiveCfg = Release|Any CPU
		{2AC27938-FCE0-4EEA-8F1E-DC9000C16D90}.Release|Any CPU.Build.0 = Release|Any CPU
	EndGlobalSection
	GlobalSection(SolutionProperties) = preSolution
		HideSolutionNode = FALSE
	EndGlobalSection
	GlobalSection(ExtensibilityGlobals) = postSolution
		SolutionGuid = {EFB648FE-826F-4F40-9A61-74307E9E380F}
	EndGlobalSection
EndGlobal
