
Microsoft Visual Studio Solution File, Format Version 12.00
# Visual Studio 15
VisualStudioVersion = 15.0.28307.168
MinimumVisualStudioVersion = 10.0.40219.1
Project("{FAE04EC0-301F-11D3-BF4B-00C04F79EFBC}") = "Matrix", "Matrix\Matrix.csproj", "{390254EE-9DAE-41A3-90A6-951AEA8DBECD}"
EndProject
Global
	GlobalSection(SolutionConfigurationPlatforms) = preSolution
		Debug|Any CPU = Debug|Any CPU
		Release|Any CPU = Release|Any CPU
	EndGlobalSection
	GlobalSection(ProjectConfigurationPlatforms) = postSolution
		{390254EE-9DAE-41A3-90A6-951AEA8DBECD}.Debug|Any CPU.ActiveCfg = Debug|Any CPU
		{390254EE-9DAE-41A3-90A6-951AEA8DBECD}.Debug|Any CPU.Build.0 = Debug|Any CPU
		{390254EE-9DAE-41A3-90A6-951AEA8DBECD}.Release|Any CPU.ActiveCfg = Release|Any CPU
		{390254EE-9DAE-41A3-90A6-951AEA8DBECD}.Release|Any CPU.Build.0 = Release|Any CPU
	EndGlobalSection
	GlobalSection(SolutionProperties) = preSolution
		HideSolutionNode = FALSE
	EndGlobalSection
	GlobalSection(ExtensibilityGlobals) = postSolution
		SolutionGuid = {541F60B8-8450-417D-BB0B-D75FDDC63E18}
	EndGlobalSection
EndGlobal
