
Microsoft Visual Studio Solution File, Format Version 12.00
# Visual Studio 15
VisualStudioVersion = 15.0.28307.168
MinimumVisualStudioVersion = 10.0.40219.1
Project("{FAE04EC0-301F-11D3-BF4B-00C04F79EFBC}") = "Walking", "Walking\Walking.csproj", "{3EED0A57-D74F-4CDF-BD74-F4D011E4BF15}"
EndProject
Global
	GlobalSection(SolutionConfigurationPlatforms) = preSolution
		Debug|Any CPU = Debug|Any CPU
		Release|Any CPU = Release|Any CPU
	EndGlobalSection
	GlobalSection(ProjectConfigurationPlatforms) = postSolution
		{3EED0A57-D74F-4CDF-BD74-F4D011E4BF15}.Debug|Any CPU.ActiveCfg = Debug|Any CPU
		{3EED0A57-D74F-4CDF-BD74-F4D011E4BF15}.Debug|Any CPU.Build.0 = Debug|Any CPU
		{3EED0A57-D74F-4CDF-BD74-F4D011E4BF15}.Release|Any CPU.ActiveCfg = Release|Any CPU
		{3EED0A57-D74F-4CDF-BD74-F4D011E4BF15}.Release|Any CPU.Build.0 = Release|Any CPU
	EndGlobalSection
	GlobalSection(SolutionProperties) = preSolution
		HideSolutionNode = FALSE
	EndGlobalSection
	GlobalSection(ExtensibilityGlobals) = postSolution
		SolutionGuid = {ADCDA56C-E902-403A-A1C1-3EE763E59692}
	EndGlobalSection
EndGlobal
