
Microsoft Visual Studio Solution File, Format Version 12.00
# Visual Studio 15
VisualStudioVersion = 15.0.28307.168
MinimumVisualStudioVersion = 10.0.40219.1
Project("{FAE04EC0-301F-11D3-BF4B-00C04F79EFBC}") = "TimePlus15Minutes", "TimePlus15Minutes\TimePlus15Minutes.csproj", "{F95723E9-7B4D-423B-B3EF-8C7CCD3C8962}"
EndProject
Global
	GlobalSection(SolutionConfigurationPlatforms) = preSolution
		Debug|Any CPU = Debug|Any CPU
		Release|Any CPU = Release|Any CPU
	EndGlobalSection
	GlobalSection(ProjectConfigurationPlatforms) = postSolution
		{F95723E9-7B4D-423B-B3EF-8C7CCD3C8962}.Debug|Any CPU.ActiveCfg = Debug|Any CPU
		{F95723E9-7B4D-423B-B3EF-8C7CCD3C8962}.Debug|Any CPU.Build.0 = Debug|Any CPU
		{F95723E9-7B4D-423B-B3EF-8C7CCD3C8962}.Release|Any CPU.ActiveCfg = Release|Any CPU
		{F95723E9-7B4D-423B-B3EF-8C7CCD3C8962}.Release|Any CPU.Build.0 = Release|Any CPU
	EndGlobalSection
	GlobalSection(SolutionProperties) = preSolution
		HideSolutionNode = FALSE
	EndGlobalSection
	GlobalSection(ExtensibilityGlobals) = postSolution
		SolutionGuid = {C833A90D-9393-41B3-AA63-5480BEC4992D}
	EndGlobalSection
EndGlobal
