
Microsoft Visual Studio Solution File, Format Version 12.00
# Visual Studio 15
VisualStudioVersion = 15.0.28307.168
MinimumVisualStudioVersion = 10.0.40219.1
Project("{FAE04EC0-301F-11D3-BF4B-00C04F79EFBC}") = "Birthday", "Birthday\Birthday.csproj", "{5BA0B60C-AD4A-4189-841B-9C0664FA4765}"
EndProject
Global
	GlobalSection(SolutionConfigurationPlatforms) = preSolution
		Debug|Any CPU = Debug|Any CPU
		Release|Any CPU = Release|Any CPU
	EndGlobalSection
	GlobalSection(ProjectConfigurationPlatforms) = postSolution
		{5BA0B60C-AD4A-4189-841B-9C0664FA4765}.Debug|Any CPU.ActiveCfg = Debug|Any CPU
		{5BA0B60C-AD4A-4189-841B-9C0664FA4765}.Debug|Any CPU.Build.0 = Debug|Any CPU
		{5BA0B60C-AD4A-4189-841B-9C0664FA4765}.Release|Any CPU.ActiveCfg = Release|Any CPU
		{5BA0B60C-AD4A-4189-841B-9C0664FA4765}.Release|Any CPU.Build.0 = Release|Any CPU
	EndGlobalSection
	GlobalSection(SolutionProperties) = preSolution
		HideSolutionNode = FALSE
	EndGlobalSection
	GlobalSection(ExtensibilityGlobals) = postSolution
		SolutionGuid = {0B88C639-CDE6-431B-B0FC-882AB4E821B4}
	EndGlobalSection
EndGlobal
