
Microsoft Visual Studio Solution File, Format Version 12.00
# Visual Studio 15
VisualStudioVersion = 15.0.28307.168
MinimumVisualStudioVersion = 10.0.40219.1
Project("{FAE04EC0-301F-11D3-BF4B-00C04F79EFBC}") = "ExamArrays", "ExamArrays\ExamArrays.csproj", "{716374A7-6B75-4261-B184-5EDA672996A8}"
EndProject
Project("{FAE04EC0-301F-11D3-BF4B-00C04F79EFBC}") = "NumberArray", "NumberArray\NumberArray.csproj", "{C54B222F-49B1-434F-BF44-44C6432E90D5}"
EndProject
Project("{FAE04EC0-301F-11D3-BF4B-00C04F79EFBC}") = "ContactList", "ContactList\ContactList.csproj", "{BC7B604A-7409-437A-A09A-F6B8C6A4C56E}"
EndProject
Global
	GlobalSection(SolutionConfigurationPlatforms) = preSolution
		Debug|Any CPU = Debug|Any CPU
		Release|Any CPU = Release|Any CPU
	EndGlobalSection
	GlobalSection(ProjectConfigurationPlatforms) = postSolution
		{716374A7-6B75-4261-B184-5EDA672996A8}.Debug|Any CPU.ActiveCfg = Debug|Any CPU
		{716374A7-6B75-4261-B184-5EDA672996A8}.Debug|Any CPU.Build.0 = Debug|Any CPU
		{716374A7-6B75-4261-B184-5EDA672996A8}.Release|Any CPU.ActiveCfg = Release|Any CPU
		{716374A7-6B75-4261-B184-5EDA672996A8}.Release|Any CPU.Build.0 = Release|Any CPU
		{C54B222F-49B1-434F-BF44-44C6432E90D5}.Debug|Any CPU.ActiveCfg = Debug|Any CPU
		{C54B222F-49B1-434F-BF44-44C6432E90D5}.Debug|Any CPU.Build.0 = Debug|Any CPU
		{C54B222F-49B1-434F-BF44-44C6432E90D5}.Release|Any CPU.ActiveCfg = Release|Any CPU
		{C54B222F-49B1-434F-BF44-44C6432E90D5}.Release|Any CPU.Build.0 = Release|Any CPU
		{BC7B604A-7409-437A-A09A-F6B8C6A4C56E}.Debug|Any CPU.ActiveCfg = Debug|Any CPU
		{BC7B604A-7409-437A-A09A-F6B8C6A4C56E}.Debug|Any CPU.Build.0 = Debug|Any CPU
		{BC7B604A-7409-437A-A09A-F6B8C6A4C56E}.Release|Any CPU.ActiveCfg = Release|Any CPU
		{BC7B604A-7409-437A-A09A-F6B8C6A4C56E}.Release|Any CPU.Build.0 = Release|Any CPU
	EndGlobalSection
	GlobalSection(SolutionProperties) = preSolution
		HideSolutionNode = FALSE
	EndGlobalSection
	GlobalSection(ExtensibilityGlobals) = postSolution
		SolutionGuid = {041FF014-CD1B-4639-A0C5-8F7F5374D56E}
	EndGlobalSection
EndGlobal
