
Microsoft Visual Studio Solution File, Format Version 12.00
# Visual Studio 15
VisualStudioVersion = 15.0.28307.168
MinimumVisualStudioVersion = 10.0.40219.1
Project("{FAE04EC0-301F-11D3-BF4B-00C04F79EFBC}") = "TradeCommissions", "TradeCommissions\TradeCommissions.csproj", "{203EEF57-324D-4F6E-8C73-0240FCAE2794}"
EndProject
Global
	GlobalSection(SolutionConfigurationPlatforms) = preSolution
		Debug|Any CPU = Debug|Any CPU
		Release|Any CPU = Release|Any CPU
	EndGlobalSection
	GlobalSection(ProjectConfigurationPlatforms) = postSolution
		{203EEF57-324D-4F6E-8C73-0240FCAE2794}.Debug|Any CPU.ActiveCfg = Debug|Any CPU
		{203EEF57-324D-4F6E-8C73-0240FCAE2794}.Debug|Any CPU.Build.0 = Debug|Any CPU
		{203EEF57-324D-4F6E-8C73-0240FCAE2794}.Release|Any CPU.ActiveCfg = Release|Any CPU
		{203EEF57-324D-4F6E-8C73-0240FCAE2794}.Release|Any CPU.Build.0 = Release|Any CPU
	EndGlobalSection
	GlobalSection(SolutionProperties) = preSolution
		HideSolutionNode = FALSE
	EndGlobalSection
	GlobalSection(ExtensibilityGlobals) = postSolution
		SolutionGuid = {8BB93749-9FEE-4E60-9674-5AE930A68059}
	EndGlobalSection
EndGlobal
