
Microsoft Visual Studio Solution File, Format Version 12.00
# Visual Studio 15
VisualStudioVersion = 15.0.28307.168
MinimumVisualStudioVersion = 10.0.40219.1
Project("{FAE04EC0-301F-11D3-BF4B-00C04F79EFBC}") = "CharityCampaign", "CharityCampaign\CharityCampaign.csproj", "{574EB58F-461C-4817-8D23-A4C1AFE183D9}"
EndProject
Global
	GlobalSection(SolutionConfigurationPlatforms) = preSolution
		Debug|Any CPU = Debug|Any CPU
		Release|Any CPU = Release|Any CPU
	EndGlobalSection
	GlobalSection(ProjectConfigurationPlatforms) = postSolution
		{574EB58F-461C-4817-8D23-A4C1AFE183D9}.Debug|Any CPU.ActiveCfg = Debug|Any CPU
		{574EB58F-461C-4817-8D23-A4C1AFE183D9}.Debug|Any CPU.Build.0 = Debug|Any CPU
		{574EB58F-461C-4817-8D23-A4C1AFE183D9}.Release|Any CPU.ActiveCfg = Release|Any CPU
		{574EB58F-461C-4817-8D23-A4C1AFE183D9}.Release|Any CPU.Build.0 = Release|Any CPU
	EndGlobalSection
	GlobalSection(SolutionProperties) = preSolution
		HideSolutionNode = FALSE
	EndGlobalSection
	GlobalSection(ExtensibilityGlobals) = postSolution
		SolutionGuid = {C570EFBE-73DB-4C19-958B-5E6D4AB7A5DC}
	EndGlobalSection
EndGlobal
