
Microsoft Visual Studio Solution File, Format Version 12.00
# Visual Studio 15
VisualStudioVersion = 15.0.28307.168
MinimumVisualStudioVersion = 10.0.40219.1
Project("{FAE04EC0-301F-11D3-BF4B-00C04F79EFBC}") = "TailoringWorkshop", "TailoringWorkshop\TailoringWorkshop.csproj", "{63D13C99-AF30-4F8E-87DF-944E8F81C118}"
EndProject
Global
	GlobalSection(SolutionConfigurationPlatforms) = preSolution
		Debug|Any CPU = Debug|Any CPU
		Release|Any CPU = Release|Any CPU
	EndGlobalSection
	GlobalSection(ProjectConfigurationPlatforms) = postSolution
		{63D13C99-AF30-4F8E-87DF-944E8F81C118}.Debug|Any CPU.ActiveCfg = Debug|Any CPU
		{63D13C99-AF30-4F8E-87DF-944E8F81C118}.Debug|Any CPU.Build.0 = Debug|Any CPU
		{63D13C99-AF30-4F8E-87DF-944E8F81C118}.Release|Any CPU.ActiveCfg = Release|Any CPU
		{63D13C99-AF30-4F8E-87DF-944E8F81C118}.Release|Any CPU.Build.0 = Release|Any CPU
	EndGlobalSection
	GlobalSection(SolutionProperties) = preSolution
		HideSolutionNode = FALSE
	EndGlobalSection
	GlobalSection(ExtensibilityGlobals) = postSolution
		SolutionGuid = {16DB21EF-6952-4ED1-B7AD-24199D327AF1}
	EndGlobalSection
EndGlobal
