
Microsoft Visual Studio Solution File, Format Version 12.00
# Visual Studio 15
VisualStudioVersion = 15.0.28307.168
MinimumVisualStudioVersion = 10.0.40219.1
Project("{FAE04EC0-301F-11D3-BF4B-00C04F79EFBC}") = "SummerOutfit", "SummerOutfit\SummerOutfit.csproj", "{A9A9C9AA-17B1-4978-A086-1CD2246B85BB}"
EndProject
Global
	GlobalSection(SolutionConfigurationPlatforms) = preSolution
		Debug|Any CPU = Debug|Any CPU
		Release|Any CPU = Release|Any CPU
	EndGlobalSection
	GlobalSection(ProjectConfigurationPlatforms) = postSolution
		{A9A9C9AA-17B1-4978-A086-1CD2246B85BB}.Debug|Any CPU.ActiveCfg = Debug|Any CPU
		{A9A9C9AA-17B1-4978-A086-1CD2246B85BB}.Debug|Any CPU.Build.0 = Debug|Any CPU
		{A9A9C9AA-17B1-4978-A086-1CD2246B85BB}.Release|Any CPU.ActiveCfg = Release|Any CPU
		{A9A9C9AA-17B1-4978-A086-1CD2246B85BB}.Release|Any CPU.Build.0 = Release|Any CPU
	EndGlobalSection
	GlobalSection(SolutionProperties) = preSolution
		HideSolutionNode = FALSE
	EndGlobalSection
	GlobalSection(ExtensibilityGlobals) = postSolution
		SolutionGuid = {FC650F04-5A48-4362-AA50-EF73F0C84B79}
	EndGlobalSection
EndGlobal
